
Microsoft Visual Studio Solution File, Format Version 12.00
# Visual Studio Version 16
VisualStudioVersion = 16.0.29215.179
MinimumVisualStudioVersion = 10.0.40219.1
Project("{9A19103F-16F7-4668-BE54-9A1E7A4F7556}") = "BasicDi", "BasicDi\BasicDi.csproj", "{BBCFDB8F-36AC-4DEC-96AB-6141430557BB}"
EndProject
Project("{FAE04EC0-301F-11D3-BF4B-00C04F79EFBC}") = "DiAndHttp", "DiAndHttp\DiAndHttp.csproj", "{4778A439-A62D-4C2D-AA60-6AFA5F9F3545}"
EndProject
Global
	GlobalSection(SolutionConfigurationPlatforms) = preSolution
		Debug|Any CPU = Debug|Any CPU
		Release|Any CPU = Release|Any CPU
	EndGlobalSection
	GlobalSection(ProjectConfigurationPlatforms) = postSolution
		{BBCFDB8F-36AC-4DEC-96AB-6141430557BB}.Debug|Any CPU.ActiveCfg = Debug|Any CPU
		{BBCFDB8F-36AC-4DEC-96AB-6141430557BB}.Debug|Any CPU.Build.0 = Debug|Any CPU
		{BBCFDB8F-36AC-4DEC-96AB-6141430557BB}.Release|Any CPU.ActiveCfg = Release|Any CPU
		{BBCFDB8F-36AC-4DEC-96AB-6141430557BB}.Release|Any CPU.Build.0 = Release|Any CPU
		{4778A439-A62D-4C2D-AA60-6AFA5F9F3545}.Debug|Any CPU.ActiveCfg = Debug|Any CPU
		{4778A439-A62D-4C2D-AA60-6AFA5F9F3545}.Debug|Any CPU.Build.0 = Debug|Any CPU
		{4778A439-A62D-4C2D-AA60-6AFA5F9F3545}.Release|Any CPU.ActiveCfg = Release|Any CPU
		{4778A439-A62D-4C2D-AA60-6AFA5F9F3545}.Release|Any CPU.Build.0 = Release|Any CPU
	EndGlobalSection
	GlobalSection(SolutionProperties) = preSolution
		HideSolutionNode = FALSE
	EndGlobalSection
	GlobalSection(ExtensibilityGlobals) = postSolution
		SolutionGuid = {A097633A-6D1D-43E8-B620-2BE82D68FA57}
	EndGlobalSection
EndGlobal
